<?xml version="1.0" encoding="utf-8"?>
<Project ToolsVersion="4.0" xmlns="http://schemas.microsoft.com/developer/msbuild/2003">
  <ItemGroup>
    <Filter Include="Source Files">
      <UniqueIdentifier>{4FC737F1-C7A5-4376-A066-2A32D752A2FF}</UniqueIdentifier>
      <Extensions>cpp;c;cc;cxx;c++;cppm;ixx;def;odl;idl;hpj;bat;asm;asmx</Extensions>
    </Filter>
    <Filter Include="Header Files">
      <UniqueIdentifier>{93995380-89BD-4b04-88EB-625FBE52EBFB}</UniqueIdentifier>
      <Extensions>h;hh;hpp;hxx;h++;hm;inl;inc;ipp;xsd</Extensions>
    </Filter>
    <Filter Include="Resource Files">
      <UniqueIdentifier>{67DA6AB6-F800-4c08-8B7A-83BB121AAD01}</UniqueIdentifier>
      <Extensions>rc;ico;cur;bmp;dlg;rc2;rct;bin;rgs;gif;jpg;jpeg;jpe;resx;tiff;tif;png;wav;mfcribbon-ms</Extensions>
    </Filter>
    <Filter Include="ref">
      <UniqueIdentifier>{3644fc66-68fc-471d-a121-058bc73434f3}</UniqueIdentifier>
    </Filter>
  </ItemGroup>
  <ItemGroup>
    <ClCompile Include="pl.cpp">
      <Filter>Source Files</Filter>
    </ClCompile>
    <ClCompile Include="driver.cpp">
      <Filter>Source Files</Filter>
    </ClCompile>
  </ItemGroup>
  <ItemGroup>
    <ClInclude Include="pl.h">
      <Filter>Header Files</Filter>
    </ClInclude>
  </ItemGroup>
  <ItemGroup>
    <None Include="..\..\ref\out0">
      <Filter>ref</Filter>
    </None>
    <None Include="..\..\ref\out1">
      <Filter>ref</Filter>
    </None>
    <None Include="..\..\ref\out2">
      <Filter>ref</Filter>
    </None>
    <None Include="..\..\ref\out3">
      <Filter>ref</Filter>
    </None>
    <None Include="..\..\ref\out4">
      <Filter>ref</Filter>
    </None>
    <None Include="..\..\ref\out5">
      <Filter>ref</Filter>
    </None>
    <None Include="..\..\ref\out6">
      <Filter>ref</Filter>
    </None>
    <None Include="..\..\ref\out7">
      <Filter>ref</Filter>
    </None>
    <None Include="..\..\ref\out8">
      <Filter>ref</Filter>
    </None>
    <None Include="..\..\ref\out9">
      <Filter>ref</Filter>
    </None>
    <None Include="..\..\ref\out10">
      <Filter>ref</Filter>
    </None>
    <None Include="..\..\ref\Makefile">
      <Filter>ref</Filter>
    </None>
    <None Include="..\..\ref\Makefile2">
      <Filter>ref</Filter>
    </None>
  </ItemGroup>
  <ItemGroup>
    <Text Include="..\..\ref\handout.txt">
      <Filter>ref</Filter>
    </Text>
  </ItemGroup>
</Project>